
Microsoft Visual Studio Solution File, Format Version 12.00
# Visual Studio 15
VisualStudioVersion = 15.0.26730.12
MinimumVisualStudioVersion = 10.0.40219.1
Project("{FAE04EC0-301F-11D3-BF4B-00C04F79EFBC}") = "SportsStore", "SportsStore\SportsStore.csproj", "{584546A4-AE13-4368-A7C9-913CEA1EBA01}"
EndProject
Project("{2150E333-8FDC-42A3-9474-1A3956D46DE8}") = "test", "test", "{BF0CFBED-1027-46CD-9355-DF3CEF989D8E}"
EndProject
Project("{FAE04EC0-301F-11D3-BF4B-00C04F79EFBC}") = "SportsStore.Tests", "test\SportsStore.Tests\SportsStore.Tests.csproj", "{2D79F094-4EE2-4D98-838A-B98098D19544}"
EndProject
Global
	GlobalSection(SolutionConfigurationPlatforms) = preSolution
		Debug|Any CPU = Debug|Any CPU
		Release|Any CPU = Release|Any CPU
	EndGlobalSection
	GlobalSection(ProjectConfigurationPlatforms) = postSolution
		{584546A4-AE13-4368-A7C9-913CEA1EBA01}.Debug|Any CPU.ActiveCfg = Debug|Any CPU
		{584546A4-AE13-4368-A7C9-913CEA1EBA01}.Debug|Any CPU.Build.0 = Debug|Any CPU
		{584546A4-AE13-4368-A7C9-913CEA1EBA01}.Release|Any CPU.ActiveCfg = Release|Any CPU
		{584546A4-AE13-4368-A7C9-913CEA1EBA01}.Release|Any CPU.Build.0 = Release|Any CPU
		{2D79F094-4EE2-4D98-838A-B98098D19544}.Debug|Any CPU.ActiveCfg = Debug|Any CPU
		{2D79F094-4EE2-4D98-838A-B98098D19544}.Debug|Any CPU.Build.0 = Debug|Any CPU
		{2D79F094-4EE2-4D98-838A-B98098D19544}.Release|Any CPU.ActiveCfg = Release|Any CPU
		{2D79F094-4EE2-4D98-838A-B98098D19544}.Release|Any CPU.Build.0 = Release|Any CPU
	EndGlobalSection
	GlobalSection(SolutionProperties) = preSolution
		HideSolutionNode = FALSE
	EndGlobalSection
	GlobalSection(NestedProjects) = preSolution
		{2D79F094-4EE2-4D98-838A-B98098D19544} = {BF0CFBED-1027-46CD-9355-DF3CEF989D8E}
	EndGlobalSection
	GlobalSection(ExtensibilityGlobals) = postSolution
		SolutionGuid = {F9165007-BEDE-4A3B-8AC3-B02D081C3F1F}
	EndGlobalSection
EndGlobal
